// !$*UTF8*$!
{
	archiveVersion = 1;
	classes = {
	};
	objectVersion = 56;
	objects = {

/* Begin PBXBuildFile section */
		013B6CB12C5AE1DB00D77A30 /* AppDelegate.swift in Sources */ = {isa = PBXBuildFile; fileRef = 013B6CB02C5AE1DB00D77A30 /* AppDelegate.swift */; };
		013B6CB32C5AE1DB00D77A30 /* SceneDelegate.swift in Sources */ = {isa = PBXBuildFile; fileRef = 013B6CB22C5AE1DB00D77A30 /* SceneDelegate.swift */; };
		013B6CB52C5AE1DB00D77A30 /* ViewController.swift in Sources */ = {isa = PBXBuildFile; fileRef = 013B6CB42C5AE1DB00D77A30 /* ViewController.swift */; };
		013B6CBA2C5AE1DC00D77A30 /* Assets.xcassets in Resources */ = {isa = PBXBuildFile; fileRef = 013B6CB92C5AE1DC00D77A30 /* Assets.xcassets */; };
		013B6CBD2C5AE1DC00D77A30 /* Base in Resources */ = {isa = PBXBuildFile; fileRef = 013B6CBC2C5AE1DC00D77A30 /* Base */; };
		013B6CC62C5C4CE100D77A30 /* PostgresClientKit in Frameworks */ = {isa = PBXBuildFile; productRef = 013B6CC52C5C4CE100D77A30 /* PostgresClientKit */; };
		016128872C6848630092FCB7 /* SideMenu in Frameworks */ = {isa = PBXBuildFile; productRef = 016128862C6848630092FCB7 /* SideMenu */; };
		01B7DDDF2C73F0F800EBE31F /* RaspisanieViewController.swift in Sources */ = {isa = PBXBuildFile; fileRef = 01B7DDDE2C73F0F800EBE31F /* RaspisanieViewController.swift */; };
		01B7DDE12C73FDA700EBE31F /* AppointmentViewer.swift in Sources */ = {isa = PBXBuildFile; fileRef = 01B7DDE02C73FDA700EBE31F /* AppointmentViewer.swift */; };
		01FBDC052C6BC2B80008B045 /* SettingViewController.swift in Sources */ = {isa = PBXBuildFile; fileRef = 01FBDC042C6BC2B80008B045 /* SettingViewController.swift */; };
		01FBDC072C6BC3870008B045 /* InputFormViewController.swift in Sources */ = {isa = PBXBuildFile; fileRef = 01FBDC062C6BC3870008B045 /* InputFormViewController.swift */; };
		01FBDC092C6BC3C00008B045 /* HelpViewController.swift in Sources */ = {isa = PBXBuildFile; fileRef = 01FBDC082C6BC3C00008B045 /* HelpViewController.swift */; };
		01FBDC0B2C6BC4110008B045 /* EnterViewController.swift in Sources */ = {isa = PBXBuildFile; fileRef = 01FBDC0A2C6BC4110008B045 /* EnterViewController.swift */; };
		01FBDC0D2C6BC43B0008B045 /* RegistrViewController.swift in Sources */ = {isa = PBXBuildFile; fileRef = 01FBDC0C2C6BC43B0008B045 /* RegistrViewController.swift */; };
		01FBDC0F2C6BC4610008B045 /* AuthorViewController.swift in Sources */ = {isa = PBXBuildFile; fileRef = 01FBDC0E2C6BC4610008B045 /* AuthorViewController.swift */; };
		01FBDC112C6BC48C0008B045 /* ContraindicationsViewController.swift in Sources */ = {isa = PBXBuildFile; fileRef = 01FBDC102C6BC48C0008B045 /* ContraindicationsViewController.swift */; };
		01FBDC132C6BC4A90008B045 /* GetAdress.swift in Sources */ = {isa = PBXBuildFile; fileRef = 01FBDC122C6BC4A90008B045 /* GetAdress.swift */; };
		01FBDC152C6BC4C30008B045 /* PhotoPaginationViewController.swift in Sources */ = {isa = PBXBuildFile; fileRef = 01FBDC142C6BC4C30008B045 /* PhotoPaginationViewController.swift */; };
		01FBDC172C6BC4E20008B045 /* InformationViewController.swift in Sources */ = {isa = PBXBuildFile; fileRef = 01FBDC162C6BC4E20008B045 /* InformationViewController.swift */; };
		01FBDC192C6BC5220008B045 /* MenuViewController.swift in Sources */ = {isa = PBXBuildFile; fileRef = 01FBDC182C6BC5220008B045 /* MenuViewController.swift */; };
		01FBDC1B2C6BC5B50008B045 /* Main.storyboard in Resources */ = {isa = PBXBuildFile; fileRef = 01FBDC1A2C6BC5B50008B045 /* Main.storyboard */; };
		01FBDC1D2C6BC6660008B045 /* LoginViewController2.swift in Sources */ = {isa = PBXBuildFile; fileRef = 01FBDC1C2C6BC6660008B045 /* LoginViewController2.swift */; };
		01FBDC432C6D69DF0008B045 /* MyProfileView.swift in Sources */ = {isa = PBXBuildFile; fileRef = 01FBDC422C6D69DF0008B045 /* MyProfileView.swift */; };
/* End PBXBuildFile section */

/* Begin PBXFileReference section */
		013B6CAD2C5AE1DB00D77A30 /* SwiftApp.app */ = {isa = PBXFileReference; explicitFileType = wrapper.application; includeInIndex = 0; path = SwiftApp.app; sourceTree = BUILT_PRODUCTS_DIR; };
		013B6CB02C5AE1DB00D77A30 /* AppDelegate.swift */ = {isa = PBXFileReference; lastKnownFileType = sourcecode.swift; path = AppDelegate.swift; sourceTree = "<group>"; };
		013B6CB22C5AE1DB00D77A30 /* SceneDelegate.swift */ = {isa = PBXFileReference; lastKnownFileType = sourcecode.swift; path = SceneDelegate.swift; sourceTree = "<group>"; };
		013B6CB42C5AE1DB00D77A30 /* ViewController.swift */ = {isa = PBXFileReference; lastKnownFileType = sourcecode.swift; path = ViewController.swift; sourceTree = "<group>"; };
		013B6CB92C5AE1DC00D77A30 /* Assets.xcassets */ = {isa = PBXFileReference; lastKnownFileType = folder.assetcatalog; path = Assets.xcassets; sourceTree = "<group>"; };
		013B6CBC2C5AE1DC00D77A30 /* Base */ = {isa = PBXFileReference; lastKnownFileType = file.storyboard; name = Base; path = Base.lproj/LaunchScreen.storyboard; sourceTree = "<group>"; };
		013B6CBE2C5AE1DC00D77A30 /* Info.plist */ = {isa = PBXFileReference; lastKnownFileType = text.plist.xml; path = Info.plist; sourceTree = "<group>"; };
		01B7DDDE2C73F0F800EBE31F /* RaspisanieViewController.swift */ = {isa = PBXFileReference; lastKnownFileType = sourcecode.swift; path = RaspisanieViewController.swift; sourceTree = "<group>"; };
		01B7DDE02C73FDA700EBE31F /* AppointmentViewer.swift */ = {isa = PBXFileReference; lastKnownFileType = sourcecode.swift; path = AppointmentViewer.swift; sourceTree = "<group>"; };
		01FBDC042C6BC2B80008B045 /* SettingViewController.swift */ = {isa = PBXFileReference; lastKnownFileType = sourcecode.swift; path = SettingViewController.swift; sourceTree = "<group>"; };
		01FBDC062C6BC3870008B045 /* InputFormViewController.swift */ = {isa = PBXFileReference; lastKnownFileType = sourcecode.swift; path = InputFormViewController.swift; sourceTree = "<group>"; };
		01FBDC082C6BC3C00008B045 /* HelpViewController.swift */ = {isa = PBXFileReference; lastKnownFileType = sourcecode.swift; path = HelpViewController.swift; sourceTree = "<group>"; };
		01FBDC0A2C6BC4110008B045 /* EnterViewController.swift */ = {isa = PBXFileReference; lastKnownFileType = sourcecode.swift; path = EnterViewController.swift; sourceTree = "<group>"; };
		01FBDC0C2C6BC43B0008B045 /* RegistrViewController.swift */ = {isa = PBXFileReference; lastKnownFileType = sourcecode.swift; path = RegistrViewController.swift; sourceTree = "<group>"; };
		01FBDC0E2C6BC4610008B045 /* AuthorViewController.swift */ = {isa = PBXFileReference; lastKnownFileType = sourcecode.swift; path = AuthorViewController.swift; sourceTree = "<group>"; };
		01FBDC102C6BC48C0008B045 /* ContraindicationsViewController.swift */ = {isa = PBXFileReference; lastKnownFileType = sourcecode.swift; path = ContraindicationsViewController.swift; sourceTree = "<group>"; };
		01FBDC122C6BC4A90008B045 /* GetAdress.swift */ = {isa = PBXFileReference; lastKnownFileType = sourcecode.swift; path = GetAdress.swift; sourceTree = "<group>"; };
		01FBDC142C6BC4C30008B045 /* PhotoPaginationViewController.swift */ = {isa = PBXFileReference; lastKnownFileType = sourcecode.swift; path = PhotoPaginationViewController.swift; sourceTree = "<group>"; };
		01FBDC162C6BC4E20008B045 /* InformationViewController.swift */ = {isa = PBXFileReference; lastKnownFileType = sourcecode.swift; path = InformationViewController.swift; sourceTree = "<group>"; };
		01FBDC182C6BC5220008B045 /* MenuViewController.swift */ = {isa = PBXFileReference; lastKnownFileType = sourcecode.swift; path = MenuViewController.swift; sourceTree = "<group>"; };
		01FBDC1A2C6BC5B50008B045 /* Main.storyboard */ = {isa = PBXFileReference; lastKnownFileType = file.storyboard; path = Main.storyboard; sourceTree = "<group>"; };
		01FBDC1C2C6BC6660008B045 /* LoginViewController2.swift */ = {isa = PBXFileReference; lastKnownFileType = sourcecode.swift; path = LoginViewController2.swift; sourceTree = "<group>"; };
		01FBDC422C6D69DF0008B045 /* MyProfileView.swift */ = {isa = PBXFileReference; lastKnownFileType = sourcecode.swift; path = MyProfileView.swift; sourceTree = "<group>"; };
/* End PBXFileReference section */

/* Begin PBXFrameworksBuildPhase section */
		013B6CAA2C5AE1DB00D77A30 /* Frameworks */ = {
			isa = PBXFrameworksBuildPhase;
			buildActionMask = 2147483647;
			files = (
				016128872C6848630092FCB7 /* SideMenu in Frameworks */,
				013B6CC62C5C4CE100D77A30 /* PostgresClientKit in Frameworks */,
			);
			runOnlyForDeploymentPostprocessing = 0;
		};
/* End PBXFrameworksBuildPhase section */

/* Begin PBXGroup section */
		013B6CA42C5AE1DB00D77A30 = {
			isa = PBXGroup;
			children = (
				013B6CAF2C5AE1DB00D77A30 /* SwiftApp */,
				013B6CAE2C5AE1DB00D77A30 /* Products */,
			);
			sourceTree = "<group>";
		};
		013B6CAE2C5AE1DB00D77A30 /* Products */ = {
			isa = PBXGroup;
			children = (
				013B6CAD2C5AE1DB00D77A30 /* SwiftApp.app */,
			);
			name = Products;
			sourceTree = "<group>";
		};
		013B6CAF2C5AE1DB00D77A30 /* SwiftApp */ = {
			isa = PBXGroup;
			children = (
				013B6CB02C5AE1DB00D77A30 /* AppDelegate.swift */,
				013B6CB22C5AE1DB00D77A30 /* SceneDelegate.swift */,
				013B6CB42C5AE1DB00D77A30 /* ViewController.swift */,
				013B6CB92C5AE1DC00D77A30 /* Assets.xcassets */,
				013B6CBB2C5AE1DC00D77A30 /* LaunchScreen.storyboard */,
				013B6CBE2C5AE1DC00D77A30 /* Info.plist */,
				01FBDC042C6BC2B80008B045 /* SettingViewController.swift */,
				01FBDC062C6BC3870008B045 /* InputFormViewController.swift */,
				01FBDC082C6BC3C00008B045 /* HelpViewController.swift */,
				01FBDC0A2C6BC4110008B045 /* EnterViewController.swift */,
				01FBDC0C2C6BC43B0008B045 /* RegistrViewController.swift */,
				01FBDC0E2C6BC4610008B045 /* AuthorViewController.swift */,
				01FBDC102C6BC48C0008B045 /* ContraindicationsViewController.swift */,
				01FBDC122C6BC4A90008B045 /* GetAdress.swift */,
				01FBDC142C6BC4C30008B045 /* PhotoPaginationViewController.swift */,
				01FBDC162C6BC4E20008B045 /* InformationViewController.swift */,
				01FBDC182C6BC5220008B045 /* MenuViewController.swift */,
				01FBDC1A2C6BC5B50008B045 /* Main.storyboard */,
				01FBDC1C2C6BC6660008B045 /* LoginViewController2.swift */,
				01FBDC422C6D69DF0008B045 /* MyProfileView.swift */,
				01B7DDDE2C73F0F800EBE31F /* RaspisanieViewController.swift */,
				01B7DDE02C73FDA700EBE31F /* AppointmentViewer.swift */,
			);
			path = SwiftApp;
			sourceTree = "<group>";
		};
/* End PBXGroup section */

/* Begin PBXNativeTarget section */
		013B6CAC2C5AE1DB00D77A30 /* SwiftApp */ = {
			isa = PBXNativeTarget;
			buildConfigurationList = 013B6CC12C5AE1DC00D77A30 /* Build configuration list for PBXNativeTarget "SwiftApp" */;
			buildPhases = (
				013B6CA92C5AE1DB00D77A30 /* Sources */,
				013B6CAA2C5AE1DB00D77A30 /* Frameworks */,
				013B6CAB2C5AE1DB00D77A30 /* Resources */,
			);
			buildRules = (
			);
			dependencies = (
			);
			name = SwiftApp;
			packageProductDependencies = (
				013B6CC52C5C4CE100D77A30 /* PostgresClientKit */,
				016128862C6848630092FCB7 /* SideMenu */,
			);
			productName = SwiftApp;
			productReference = 013B6CAD2C5AE1DB00D77A30 /* SwiftApp.app */;
			productType = "com.apple.product-type.application";
		};
/* End PBXNativeTarget section */

/* Begin PBXProject section */
		013B6CA52C5AE1DB00D77A30 /* Project object */ = {
			isa = PBXProject;
			attributes = {
				BuildIndependentTargetsInParallel = 1;
				LastSwiftUpdateCheck = 1540;
				LastUpgradeCheck = 1540;
				TargetAttributes = {
					013B6CAC2C5AE1DB00D77A30 = {
						CreatedOnToolsVersion = 15.4;
					};
				};
			};
			buildConfigurationList = 013B6CA82C5AE1DB00D77A30 /* Build configuration list for PBXProject "SwiftApp" */;
			compatibilityVersion = "Xcode 14.0";
			developmentRegion = en;
			hasScannedForEncodings = 0;
			knownRegions = (
				en,
				Base,
			);
			mainGroup = 013B6CA42C5AE1DB00D77A30;
			packageReferences = (
				013B6CC42C5C4CE100D77A30 /* XCRemoteSwiftPackageReference "PostgresClientKit" */,
				016128852C6848630092FCB7 /* XCRemoteSwiftPackageReference "SideMenu" */,
			);
			productRefGroup = 013B6CAE2C5AE1DB00D77A30 /* Products */;
			projectDirPath = "";
			projectRoot = "";
			targets = (
				013B6CAC2C5AE1DB00D77A30 /* SwiftApp */,
			);
		};
/* End PBXProject section */

/* Begin PBXResourcesBuildPhase section */
		013B6CAB2C5AE1DB00D77A30 /* Resources */ = {
			isa = PBXResourcesBuildPhase;
			buildActionMask = 2147483647;
			files = (
				01FBDC1B2C6BC5B50008B045 /* Main.storyboard in Resources */,
				013B6CBA2C5AE1DC00D77A30 /* Assets.xcassets in Resources */,
				013B6CBD2C5AE1DC00D77A30 /* Base in Resources */,
			);
			runOnlyForDeploymentPostprocessing = 0;
		};
/* End PBXResourcesBuildPhase section */

/* Begin PBXSourcesBuildPhase section */
		013B6CA92C5AE1DB00D77A30 /* Sources */ = {
			isa = PBXSourcesBuildPhase;
			buildActionMask = 2147483647;
			files = (
				01FBDC432C6D69DF0008B045 /* MyProfileView.swift in Sources */,
				01FBDC172C6BC4E20008B045 /* InformationViewController.swift in Sources */,
				013B6CB52C5AE1DB00D77A30 /* ViewController.swift in Sources */,
				01B7DDDF2C73F0F800EBE31F /* RaspisanieViewController.swift in Sources */,
				01FBDC152C6BC4C30008B045 /* PhotoPaginationViewController.swift in Sources */,
				01FBDC192C6BC5220008B045 /* MenuViewController.swift in Sources */,
				01FBDC112C6BC48C0008B045 /* ContraindicationsViewController.swift in Sources */,
				01FBDC0B2C6BC4110008B045 /* EnterViewController.swift in Sources */,
				01FBDC092C6BC3C00008B045 /* HelpViewController.swift in Sources */,
				013B6CB12C5AE1DB00D77A30 /* AppDelegate.swift in Sources */,
				01FBDC132C6BC4A90008B045 /* GetAdress.swift in Sources */,
				013B6CB32C5AE1DB00D77A30 /* SceneDelegate.swift in Sources */,
				01FBDC0D2C6BC43B0008B045 /* RegistrViewController.swift in Sources */,
				01B7DDE12C73FDA700EBE31F /* AppointmentViewer.swift in Sources */,
				01FBDC0F2C6BC4610008B045 /* AuthorViewController.swift in Sources */,
				01FBDC1D2C6BC6660008B045 /* LoginViewController2.swift in Sources */,
				01FBDC072C6BC3870008B045 /* InputFormViewController.swift in Sources */,
				01FBDC052C6BC2B80008B045 /* SettingViewController.swift in Sources */,
			);
			runOnlyForDeploymentPostprocessing = 0;
		};
/* End PBXSourcesBuildPhase section */

/* Begin PBXVariantGroup section */
		013B6CBB2C5AE1DC00D77A30 /* LaunchScreen.storyboard */ = {
			isa = PBXVariantGroup;
			children = (
				013B6CBC2C5AE1DC00D77A30 /* Base */,
			);
			name = LaunchScreen.storyboard;
			sourceTree = "<group>";
		};
/* End PBXVariantGroup section */

/* Begin XCBuildConfiguration section */
		013B6CBF2C5AE1DC00D77A30 /* Debug */ = {
			isa = XCBuildConfiguration;
			buildSettings = {
				ALWAYS_SEARCH_USER_PATHS = NO;
				ASSETCATALOG_COMPILER_GENERATE_SWIFT_ASSET_SYMBOL_EXTENSIONS = YES;
				CLANG_ANALYZER_NONNULL = YES;
				CLANG_ANALYZER_NUMBER_OBJECT_CONVERSION = YES_AGGRESSIVE;
				CLANG_CXX_LANGUAGE_STANDARD = "gnu++20";
				CLANG_ENABLE_MODULES = YES;
				CLANG_ENABLE_OBJC_ARC = YES;
				CLANG_ENABLE_OBJC_WEAK = YES;
				CLANG_WARN_BLOCK_CAPTURE_AUTORELEASING = YES;
				CLANG_WARN_BOOL_CONVERSION = YES;
				CLANG_WARN_COMMA = YES;
				CLANG_WARN_CONSTANT_CONVERSION = YES;
				CLANG_WARN_DEPRECATED_OBJC_IMPLEMENTATIONS = YES;
				CLANG_WARN_DIRECT_OBJC_ISA_USAGE = YES_ERROR;
				CLANG_WARN_DOCUMENTATION_COMMENTS = YES;
				CLANG_WARN_EMPTY_BODY = YES;
				CLANG_WARN_ENUM_CONVERSION = YES;
				CLANG_WARN_INFINITE_RECURSION = YES;
				CLANG_WARN_INT_CONVERSION = YES;
				CLANG_WARN_NON_LITERAL_NULL_CONVERSION = YES;
				CLANG_WARN_OBJC_IMPLICIT_RETAIN_SELF = YES;
				CLANG_WARN_OBJC_LITERAL_CONVERSION = YES;
				CLANG_WARN_OBJC_ROOT_CLASS = YES_ERROR;
				CLANG_WARN_QUOTED_INCLUDE_IN_FRAMEWORK_HEADER = YES;
				CLANG_WARN_RANGE_LOOP_ANALYSIS = YES;
				CLANG_WARN_STRICT_PROTOTYPES = YES;
				CLANG_WARN_SUSPICIOUS_MOVE = YES;
				CLANG_WARN_UNGUARDED_AVAILABILITY = YES_AGGRESSIVE;
				CLANG_WARN_UNREACHABLE_CODE = YES;
				CLANG_WARN__DUPLICATE_METHOD_MATCH = YES;
				COPY_PHASE_STRIP = NO;
				DEBUG_INFORMATION_FORMAT = dwarf;
				ENABLE_STRICT_OBJC_MSGSEND = YES;
				ENABLE_TESTABILITY = YES;
				ENABLE_USER_SCRIPT_SANDBOXING = YES;
				GCC_C_LANGUAGE_STANDARD = gnu17;
				GCC_DYNAMIC_NO_PIC = NO;
				GCC_NO_COMMON_BLOCKS = YES;
				GCC_OPTIMIZATION_LEVEL = 0;
				GCC_PREPROCESSOR_DEFINITIONS = (
					"DEBUG=1",
					"$(inherited)",
				);
				GCC_WARN_64_TO_32_BIT_CONVERSION = YES;
				GCC_WARN_ABOUT_RETURN_TYPE = YES_ERROR;
				GCC_WARN_UNDECLARED_SELECTOR = YES;
				GCC_WARN_UNINITIALIZED_AUTOS = YES_AGGRESSIVE;
				GCC_WARN_UNUSED_FUNCTION = YES;
				GCC_WARN_UNUSED_VARIABLE = YES;
				IPHONEOS_DEPLOYMENT_TARGET = 17.5;
				LOCALIZATION_PREFERS_STRING_CATALOGS = YES;
				MTL_ENABLE_DEBUG_INFO = INCLUDE_SOURCE;
				MTL_FAST_MATH = YES;
				ONLY_ACTIVE_ARCH = YES;
				SDKROOT = iphoneos;
				SWIFT_ACTIVE_COMPILATION_CONDITIONS = "DEBUG $(inherited)";
				SWIFT_OPTIMIZATION_LEVEL = "-Onone";
			};
			name = Debug;
		};
		013B6CC02C5AE1DC00D77A30 /* Release */ = {
			isa = XCBuildConfiguration;
			buildSettings = {
				ALWAYS_SEARCH_USER_PATHS = NO;
				ASSETCATALOG_COMPILER_GENERATE_SWIFT_ASSET_SYMBOL_EXTENSIONS = YES;
				CLANG_ANALYZER_NONNULL = YES;
				CLANG_ANALYZER_NUMBER_OBJECT_CONVERSION = YES_AGGRESSIVE;
				CLANG_CXX_LANGUAGE_STANDARD = "gnu++20";
				CLANG_ENABLE_MODULES = YES;
				CLANG_ENABLE_OBJC_ARC = YES;
				CLANG_ENABLE_OBJC_WEAK = YES;
				CLANG_WARN_BLOCK_CAPTURE_AUTORELEASING = YES;
				CLANG_WARN_BOOL_CONVERSION = YES;
				CLANG_WARN_COMMA = YES;
				CLANG_WARN_CONSTANT_CONVERSION = YES;
				CLANG_WARN_DEPRECATED_OBJC_IMPLEMENTATIONS = YES;
				CLANG_WARN_DIRECT_OBJC_ISA_USAGE = YES_ERROR;
				CLANG_WARN_DOCUMENTATION_COMMENTS = YES;
				CLANG_WARN_EMPTY_BODY = YES;
				CLANG_WARN_ENUM_CONVERSION = YES;
				CLANG_WARN_INFINITE_RECURSION = YES;
				CLANG_WARN_INT_CONVERSION = YES;
				CLANG_WARN_NON_LITERAL_NULL_CONVERSION = YES;
				CLANG_WARN_OBJC_IMPLICIT_RETAIN_SELF = YES;
				CLANG_WARN_OBJC_LITERAL_CONVERSION = YES;
				CLANG_WARN_OBJC_ROOT_CLASS = YES_ERROR;
				CLANG_WARN_QUOTED_INCLUDE_IN_FRAMEWORK_HEADER = YES;
				CLANG_WARN_RANGE_LOOP_ANALYSIS = YES;
				CLANG_WARN_STRICT_PROTOTYPES = YES;
				CLANG_WARN_SUSPICIOUS_MOVE = YES;
				CLANG_WARN_UNGUARDED_AVAILABILITY = YES_AGGRESSIVE;
				CLANG_WARN_UNREACHABLE_CODE = YES;
				CLANG_WARN__DUPLICATE_METHOD_MATCH = YES;
				COPY_PHASE_STRIP = NO;
				DEBUG_INFORMATION_FORMAT = "dwarf-with-dsym";
				ENABLE_NS_ASSERTIONS = NO;
				ENABLE_STRICT_OBJC_MSGSEND = YES;
				ENABLE_USER_SCRIPT_SANDBOXING = YES;
				GCC_C_LANGUAGE_STANDARD = gnu17;
				GCC_NO_COMMON_BLOCKS = YES;
				GCC_WARN_64_TO_32_BIT_CONVERSION = YES;
				GCC_WARN_ABOUT_RETURN_TYPE = YES_ERROR;
				GCC_WARN_UNDECLARED_SELECTOR = YES;
				GCC_WARN_UNINITIALIZED_AUTOS = YES_AGGRESSIVE;
				GCC_WARN_UNUSED_FUNCTION = YES;
				GCC_WARN_UNUSED_VARIABLE = YES;
				IPHONEOS_DEPLOYMENT_TARGET = 17.5;
				LOCALIZATION_PREFERS_STRING_CATALOGS = YES;
				MTL_ENABLE_DEBUG_INFO = NO;
				MTL_FAST_MATH = YES;
				SDKROOT = iphoneos;
				SWIFT_COMPILATION_MODE = wholemodule;
				VALIDATE_PRODUCT = YES;
			};
			name = Release;
		};
		013B6CC22C5AE1DC00D77A30 /* Debug */ = {
			isa = XCBuildConfiguration;
			buildSettings = {
				ASSETCATALOG_COMPILER_APPICON_NAME = AppIcon;
				ASSETCATALOG_COMPILER_GLOBAL_ACCENT_COLOR_NAME = AccentColor;
				CODE_SIGN_STYLE = Automatic;
				CURRENT_PROJECT_VERSION = 1;
				DEVELOPMENT_TEAM = FC84S52JXQ;
				GENERATE_INFOPLIST_FILE = YES;
				INFOPLIST_FILE = SwiftApp/Info.plist;
				INFOPLIST_KEY_UIApplicationSupportsIndirectInputEvents = YES;
				INFOPLIST_KEY_UILaunchStoryboardName = LaunchScreen;
				INFOPLIST_KEY_UIMainStoryboardFile = Main;
				INFOPLIST_KEY_UIStatusBarStyle = "";
				INFOPLIST_KEY_UISupportedInterfaceOrientations = UIInterfaceOrientationPortrait;
				INFOPLIST_KEY_UISupportedInterfaceOrientations_iPad = "UIInterfaceOrientationLandscapeLeft UIInterfaceOrientationLandscapeRight UIInterfaceOrientationPortrait UIInterfaceOrientationPortraitUpsideDown";
				LD_RUNPATH_SEARCH_PATHS = (
					"$(inherited)",
					"@executable_path/Frameworks",
				);
				MARKETING_VERSION = 1.0;
				PRODUCT_BUNDLE_IDENTIFIER = lwtesting.SwiftApp;
				PRODUCT_NAME = "$(TARGET_NAME)";
				SWIFT_EMIT_LOC_STRINGS = YES;
				SWIFT_VERSION = 5.0;
				TARGETED_DEVICE_FAMILY = "1,2";
			};
			name = Debug;
		};
		013B6CC32C5AE1DC00D77A30 /* Release */ = {
			isa = XCBuildConfiguration;
			buildSettings = {
				ASSETCATALOG_COMPILER_APPICON_NAME = AppIcon;
				ASSETCATALOG_COMPILER_GLOBAL_ACCENT_COLOR_NAME = AccentColor;
				CODE_SIGN_STYLE = Automatic;
				CURRENT_PROJECT_VERSION = 1;
				DEVELOPMENT_TEAM = FC84S52JXQ;
				GENERATE_INFOPLIST_FILE = YES;
				INFOPLIST_FILE = SwiftApp/Info.plist;
				INFOPLIST_KEY_UIApplicationSupportsIndirectInputEvents = YES;
				INFOPLIST_KEY_UILaunchStoryboardName = LaunchScreen;
				INFOPLIST_KEY_UIMainStoryboardFile = Main;
				INFOPLIST_KEY_UIStatusBarStyle = "";
				INFOPLIST_KEY_UISupportedInterfaceOrientations = UIInterfaceOrientationPortrait;
				INFOPLIST_KEY_UISupportedInterfaceOrientations_iPad = "UIInterfaceOrientationLandscapeLeft UIInterfaceOrientationLandscapeRight UIInterfaceOrientationPortrait UIInterfaceOrientationPortraitUpsideDown";
				LD_RUNPATH_SEARCH_PATHS = (
					"$(inherited)",
					"@executable_path/Frameworks",
				);
				MARKETING_VERSION = 1.0;
				PRODUCT_BUNDLE_IDENTIFIER = lwtesting.SwiftApp;
				PRODUCT_NAME = "$(TARGET_NAME)";
				SWIFT_EMIT_LOC_STRINGS = YES;
				SWIFT_VERSION = 5.0;
				TARGETED_DEVICE_FAMILY = "1,2";
			};
			name = Release;
		};
/* End XCBuildConfiguration section */

/* Begin XCConfigurationList section */
		013B6CA82C5AE1DB00D77A30 /* Build configuration list for PBXProject "SwiftApp" */ = {
			isa = XCConfigurationList;
			buildConfigurations = (
				013B6CBF2C5AE1DC00D77A30 /* Debug */,
				013B6CC02C5AE1DC00D77A30 /* Release */,
			);
			defaultConfigurationIsVisible = 0;
			defaultConfigurationName = Release;
		};
		013B6CC12C5AE1DC00D77A30 /* Build configuration list for PBXNativeTarget "SwiftApp" */ = {
			isa = XCConfigurationList;
			buildConfigurations = (
				013B6CC22C5AE1DC00D77A30 /* Debug */,
				013B6CC32C5AE1DC00D77A30 /* Release */,
			);
			defaultConfigurationIsVisible = 0;
			defaultConfigurationName = Release;
		};
/* End XCConfigurationList section */

/* Begin XCRemoteSwiftPackageReference section */
		013B6CC42C5C4CE100D77A30 /* XCRemoteSwiftPackageReference "PostgresClientKit" */ = {
			isa = XCRemoteSwiftPackageReference;
			repositoryURL = "https://github.com/codewinsdotcom/PostgresClientKit";
			requirement = {
				branch = master;
				kind = branch;
			};
		};
		016128852C6848630092FCB7 /* XCRemoteSwiftPackageReference "SideMenu" */ = {
			isa = XCRemoteSwiftPackageReference;
			repositoryURL = "https://github.com/jonkykong/SideMenu.git";
			requirement = {
				kind = upToNextMajorVersion;
				minimumVersion = 6.5.0;
			};
		};
/* End XCRemoteSwiftPackageReference section */

/* Begin XCSwiftPackageProductDependency section */
		013B6CC52C5C4CE100D77A30 /* PostgresClientKit */ = {
			isa = XCSwiftPackageProductDependency;
			package = 013B6CC42C5C4CE100D77A30 /* XCRemoteSwiftPackageReference "PostgresClientKit" */;
			productName = PostgresClientKit;
		};
		016128862C6848630092FCB7 /* SideMenu */ = {
			isa = XCSwiftPackageProductDependency;
			package = 016128852C6848630092FCB7 /* XCRemoteSwiftPackageReference "SideMenu" */;
			productName = SideMenu;
		};
/* End XCSwiftPackageProductDependency section */
	};
	rootObject = 013B6CA52C5AE1DB00D77A30 /* Project object */;
}
